# Generated by conda-lock.
# platform: osx-arm64
# input_hash: 13c07c239528d9a61b8da780f06b528fed9ae5ba682ddc51605ddca839ae446d
@EXPLICIT
https://conda.anaconda.org/conda-forge/osx-arm64/ca-certificates-2024.8.30-hf0a4a13_0.conda#40dec13fd8348dbe303e57be74bd3d35
https://conda.anaconda.org/conda-forge/osx-arm64/dart-sass-1.58.3-hce30654_1.conda#7282e188f57f69f03378f149fcb8acf8
https://conda.anaconda.org/conda-forge/osx-arm64/deno-1.41.0-hce30654_0.conda#6e0a9e0c15a06dcc65680ddf6dc1218c
https://conda.anaconda.org/conda-forge/osx-arm64/esbuild-0.24.0-hce30654_0.conda#6a3e9efecd148bfa60369a5a099aa083
https://conda.anaconda.org/conda-forge/osx-arm64/libev-4.33-h93a5062_2.conda#36d33e440c31857372a72137f78bacf5
https://conda.anaconda.org/conda-forge/osx-arm64/libffi-3.4.2-h3422bc3_5.tar.bz2#086914b672be056eb70fd4285b6783b6
https://conda.anaconda.org/conda-forge/osx-arm64/libiconv-1.17-h0d3ecfb_2.conda#69bda57310071cf6d2b86caf11573d2d
https://conda.anaconda.org/conda-forge/osx-arm64/pandoc-3.2-hce30654_0.conda#8306d6d73bba59723aa360799277b014
https://conda.anaconda.org/conda-forge/osx-arm64/python_abi-3.11-5_cp311.conda#3b855e3734344134cb56c410f729c340
https://conda.anaconda.org/conda-forge/osx-arm64/typst-0.11.0-ha5936a3_0.conda#955b5a7e393fc686b1d96db926955f34
https://conda.anaconda.org/conda-forge/noarch/tzdata-2024b-hc8b5060_0.conda#8ac3367aafb1cc0a068483c580af8015
https://conda.anaconda.org/conda-forge/osx-arm64/yaml-0.2.5-h3422bc3_2.tar.bz2#4bb3f014845110883a3c5ee811fd84b4
https://conda.anaconda.org/conda-forge/osx-arm64/aws-c-common-0.10.3-h5505292_0.conda#4150339e3b08db33fe4c436340b1d7f6
https://conda.anaconda.org/conda-forge/osx-arm64/bzip2-1.0.8-h99b78c6_7.conda#fc6948412dbbbe9a4c9ddbbcfe0a79ab
https://conda.anaconda.org/conda-forge/osx-arm64/c-ares-1.34.3-h5505292_1.conda#fb72102e8a8f9bcd38e40af09ff41c42
https://conda.anaconda.org/conda-forge/osx-arm64/deno-dom-0.1.35-hb9e0d3b_1.conda#15158274af1f4064563645d278c07a79
https://conda.anaconda.org/conda-forge/osx-arm64/icu-75.1-hfee45f7_0.conda#5eb22c1d7b3fc4abb50d92d621583137
https://conda.anaconda.org/conda-forge/osx-arm64/libbrotlicommon-1.1.0-hd74edd7_2.conda#d0bf1dff146b799b319ea0434b93f779
https://conda.anaconda.org/conda-forge/osx-arm64/libcxx-19.1.5-ha82da77_0.conda#3c7be0df28ccda1d193ea6de56dcb5ff
https://conda.anaconda.org/conda-forge/osx-arm64/libexpat-2.6.4-h286801f_0.conda#38d2656dd914feb0cab8c629370768bf
https://conda.anaconda.org/conda-forge/osx-arm64/liblzma-5.6.3-h39f12f2_1.conda#b2553114a7f5e20ccd02378a77d836aa
https://conda.anaconda.org/conda-forge/osx-arm64/libsodium-1.0.20-h99b78c6_0.conda#a7ce36e284c5faaf93c220dfc39e3abd
https://conda.anaconda.org/conda-forge/osx-arm64/libutf8proc-2.9.0-h5505292_1.conda#f777470d31c78cd0abe1903a2fda436f
https://conda.anaconda.org/conda-forge/osx-arm64/libzlib-1.3.1-h8359307_2.conda#369964e85dc26bfe78f41399b366c435
https://conda.anaconda.org/conda-forge/osx-arm64/llvm-openmp-19.1.5-hdb05f8b_0.conda#f2c2e187a1d2637d282e34dc92021a70
https://conda.anaconda.org/conda-forge/osx-arm64/ncurses-6.5-h7bae524_1.conda#cb2b0ea909b97b3d70cd3921d1445e1a
https://conda.anaconda.org/conda-forge/osx-arm64/openssl-3.4.0-h39f12f2_0.conda#df307bbc703324722df0293c9ca2e418
https://conda.anaconda.org/conda-forge/osx-arm64/aws-c-cal-0.8.0-h5d7ee29_2.conda#92734dad83d22314205ba73b679710d2
https://conda.anaconda.org/conda-forge/osx-arm64/aws-c-compression-0.3.0-h5d7ee29_2.conda#15566c36b0cf5f314e3bee7f7cc796b5
https://conda.anaconda.org/conda-forge/osx-arm64/aws-c-sdkutils-0.2.1-h5d7ee29_1.conda#0f1e5bc57d4567c9d9bec8d8982828ed
https://conda.anaconda.org/conda-forge/osx-arm64/aws-checksums-0.2.2-h5d7ee29_1.conda#db1ed95988a8fe6c1ce0d94abdfc8e72
https://conda.anaconda.org/conda-forge/osx-arm64/gflags-2.2.2-hf9b8971_1005.conda#57a511a5905caa37540eb914dfcbf1fb
https://conda.anaconda.org/conda-forge/osx-arm64/libabseil-20240722.0-cxx17_hf9b8971_1.conda#706da5e791c569a7b9814877098a6a0a
https://conda.anaconda.org/conda-forge/osx-arm64/libbrotlidec-1.1.0-hd74edd7_2.conda#55e66e68ce55523a6811633dd1ac74e2
https://conda.anaconda.org/conda-forge/osx-arm64/libbrotlienc-1.1.0-hd74edd7_2.conda#4f3a434504c67b2c42565c0b85c1885c
https://conda.anaconda.org/conda-forge/osx-arm64/libcrc32c-1.1.2-hbdafb3b_0.tar.bz2#32bd82a6a625ea6ce090a81c3d34edeb
https://conda.anaconda.org/conda-forge/osx-arm64/libedit-3.1.20191231-hc8eb9b7_2.tar.bz2#30e4362988a2623e9eb34337b83e01f9
https://conda.anaconda.org/conda-forge/osx-arm64/libevent-2.1.12-h2757513_1.conda#1a109764bff3bdc7bdd84088347d71dc
https://conda.anaconda.org/conda-forge/osx-arm64/libgfortran5-13.2.0-hf226fd6_3.conda#66ac81d54e95c534ae488726c1f698ea
https://conda.anaconda.org/conda-forge/osx-arm64/liblzma-devel-5.6.3-h39f12f2_1.conda#692ccac07529215d42c051c6a60bc5a5
https://conda.anaconda.org/conda-forge/osx-arm64/libnghttp2-1.64.0-h6d7220d_0.conda#3408c02539cee5f1141f9f11450b6a51
https://conda.anaconda.org/conda-forge/osx-arm64/libsqlite-3.47.0-hbaaea75_1.conda#07a14fbe439eef078cc479deca321161
https://conda.anaconda.org/conda-forge/osx-arm64/libssh2-1.11.1-h9cc3647_0.conda#ddc7194676c285513706e5fc64f214d7
https://conda.anaconda.org/conda-forge/osx-arm64/libxml2-2.13.5-h178c5d8_1.conda#3dc3cff0eca1640a6acbbfab2f78139e
https://conda.anaconda.org/conda-forge/osx-arm64/lz4-c-1.9.4-hb7217d7_0.conda#45505bec548634f7d05e02fb25262cb9
https://conda.anaconda.org/conda-forge/osx-arm64/quarto-1.5.57-hce30654_0.conda#4f55d8c7598629589dfa0341e9ed776b
https://conda.anaconda.org/conda-forge/osx-arm64/readline-8.2-h92ec313_1.conda#8cbb776a2f641b943d413b3e19df71f4
https://conda.anaconda.org/conda-forge/osx-arm64/snappy-1.2.1-h98b9ce2_1.conda#ded86dee325290da2967a3fea3800eb5
https://conda.anaconda.org/conda-forge/osx-arm64/tk-8.6.13-h5083fa2_1.conda#b50a57ba89c32b62428b71a875291c9b
https://conda.anaconda.org/conda-forge/osx-arm64/xz-gpl-tools-5.6.3-h9a6d368_1.conda#cf05cc17aa7eb2ff843ca5c45d63a324
https://conda.anaconda.org/conda-forge/osx-arm64/xz-tools-5.6.3-h39f12f2_1.conda#0fea5aff7b3a33856288c26326d937f7
https://conda.anaconda.org/conda-forge/osx-arm64/zstd-1.5.6-hb46c0d2_0.conda#d96942c06c3e84bfcc5efb038724a7fd
https://conda.anaconda.org/conda-forge/osx-arm64/aws-c-io-0.15.2-h39f8ad8_2.conda#3b49f1dd8f20bead8b222828cfdad585
https://conda.anaconda.org/conda-forge/osx-arm64/glog-0.7.1-heb240a5_0.conda#fef68d0a95aa5b84b5c1a4f6f3bf40e1
https://conda.anaconda.org/conda-forge/osx-arm64/krb5-1.21.3-h237132a_0.conda#c6dc8a0fdec13a0565936655c33069a1
https://conda.anaconda.org/conda-forge/osx-arm64/libgfortran-5.0.0-13_2_0_hd922786_3.conda#4a55d9e169114b2b90d3ec4604cd7bbf
https://conda.anaconda.org/conda-forge/osx-arm64/libprotobuf-5.28.2-h8f0b736_0.conda#d2cb5991f2fb8eb079c80084435e9ce6
https://conda.anaconda.org/conda-forge/osx-arm64/libre2-11-2024.07.02-h2348fd5_1.conda#5a7065309a66097738be6a06fd04b7ef
https://conda.anaconda.org/conda-forge/osx-arm64/libthrift-0.21.0-h64651cc_0.conda#7ce2bd2f650f8c31ad7ba4c7bfea61b7
https://conda.anaconda.org/conda-forge/osx-arm64/libxslt-1.1.39-h223e5b9_0.conda#560c9cacc33e927f55b998eaa0cb1732
https://conda.anaconda.org/conda-forge/osx-arm64/xz-5.6.3-h9a6d368_1.conda#1d79c34d99f1e839a06b4631df091b64
https://conda.anaconda.org/conda-forge/osx-arm64/aws-c-event-stream-0.5.0-h13ead76_7.conda#55a901b6d4fb9ce1bc8328925b229f0b
https://conda.anaconda.org/conda-forge/osx-arm64/aws-c-http-0.9.1-hf483d09_2.conda#d880c40b8fc7d07374c036f93f1359d2
https://conda.anaconda.org/conda-forge/osx-arm64/libcurl-8.10.1-h13a7ad3_0.conda#d84030d0863ffe7dea00b9a807fee961
https://conda.anaconda.org/conda-forge/osx-arm64/libopenblas-0.3.28-openmp_hf332438_1.conda#40803a48d947c8639da6704e9a44d3ce
https://conda.anaconda.org/conda-forge/osx-arm64/orc-2.0.3-h121fd32_0.conda#39995f7406b949c1bef74f0c7277afb3
https://conda.anaconda.org/conda-forge/osx-arm64/python-3.11.6-h47c9636_0_cpython.conda#2271df1db9534f5cac7c2d0820c3359d
https://conda.anaconda.org/conda-forge/osx-arm64/re2-2024.07.02-hcd0e937_1.conda#19e29f2ccc9168eb0a39dc40c04c0e21
https://conda.anaconda.org/conda-forge/osx-arm64/zeromq-4.3.5-hc1bb282_7.conda#f7e6b65943cb73bce0143737fded08f1
https://conda.anaconda.org/conda-forge/noarch/appnope-0.1.4-pyhd8ed1ab_1.conda#54898d0f524c9dee622d44bbb081a8ab
https://conda.anaconda.org/conda-forge/noarch/asttokens-3.0.0-pyhd8ed1ab_1.conda#8f587de4bcf981e26228f268df374a9b
https://conda.anaconda.org/conda-forge/noarch/attrs-24.2.0-pyh71513ae_1.conda#2018839db45c79654b57a924fcdd27d0
https://conda.anaconda.org/conda-forge/osx-arm64/aws-c-auth-0.8.0-h9b725a8_10.conda#17c90d9eb8c6842fd739dc5445ce9962
https://conda.anaconda.org/conda-forge/osx-arm64/aws-c-mqtt-0.11.0-h68a0d7e_8.conda#9e3ac70d27e7591b1310a690768cfe27
https://conda.anaconda.org/conda-forge/osx-arm64/azure-core-cpp-1.14.0-hd50102c_0.conda#f093a11dcf3cdcca010b20a818fcc6dc
https://conda.anaconda.org/conda-forge/osx-arm64/brotli-python-1.1.0-py311h3f08180_2.conda#c8793a23206344faa25f4e0b5d0e7908
https://conda.anaconda.org/conda-forge/noarch/cached_property-1.5.2-pyha770c72_1.tar.bz2#576d629e47797577ab0f1b351297ef4a
https://conda.anaconda.org/conda-forge/noarch/certifi-2024.8.30-pyhd8ed1ab_0.conda#12f7d00853807b0531775e9be891cb11
https://conda.anaconda.org/conda-forge/noarch/charset-normalizer-3.4.0-pyhd8ed1ab_1.conda#6581a17bba6b948bb60130026404a9d6
https://conda.anaconda.org/conda-forge/noarch/click-8.1.7-unix_pyh707e725_1.conda#cb8e52f28f5e592598190c562e7b5bf1
https://conda.anaconda.org/conda-forge/osx-arm64/debugpy-1.8.9-py311h155a34a_0.conda#d619288803d5935f771f64a7924a6aad
https://conda.anaconda.org/conda-forge/noarch/decorator-5.1.1-pyhd8ed1ab_1.conda#d622d8d7ee8868870f9cbe259f381181
https://conda.anaconda.org/conda-forge/noarch/defusedxml-0.7.1-pyhd8ed1ab_0.tar.bz2#961b3a227b437d82ad7054484cfa71b2
https://conda.anaconda.org/conda-forge/noarch/entrypoints-0.4-pyhd8ed1ab_1.conda#3366592d3c219f2731721f11bc93755c
https://conda.anaconda.org/conda-forge/noarch/exceptiongroup-1.2.2-pyhd8ed1ab_1.conda#a16662747cdeb9abbac74d0057cc976e
https://conda.anaconda.org/conda-forge/noarch/executing-2.1.0-pyhd8ed1ab_1.conda#ef8b5fca76806159fc25b4f48d8737eb
https://conda.anaconda.org/conda-forge/noarch/hpack-4.0.0-pyhd8ed1ab_1.conda#2aa5ff7fa34a81b9196532c84c10d865
https://conda.anaconda.org/conda-forge/noarch/hyperframe-6.0.1-pyhd8ed1ab_1.conda#566e75c90c1d0c8c459eb0ad9833dc7a
https://conda.anaconda.org/conda-forge/noarch/idna-3.10-pyhd8ed1ab_1.conda#39a4f67be3286c86d696df570b1201b7
https://conda.anaconda.org/conda-forge/noarch/ipython_genutils-0.2.0-pyhd8ed1ab_2.conda#2f0ba4bc12af346bc6c99bdc377e8944
https://conda.anaconda.org/conda-forge/osx-arm64/jsonpointer-3.0.0-py311h267d04e_1.conda#5bce88ac1bef7d47c62cb574b25891ae
https://conda.anaconda.org/conda-forge/noarch/jupyterlab_widgets-3.0.13-pyhd8ed1ab_1.conda#b26e487434032d7f486277beb0cead3a
https://conda.anaconda.org/conda-forge/osx-arm64/libblas-3.9.0-25_osxarm64_openblas.conda#f8cf4d920ff36ce471619010eff59cac
https://conda.anaconda.org/conda-forge/osx-arm64/libgrpc-1.67.1-hc70892a_0.conda#624e27571fde34f8acc2afec840ac435
https://conda.anaconda.org/conda-forge/osx-arm64/lxml-5.3.0-py311h96511b9_2.conda#72b96a397d1c5fa7e8b062a6dd3e77fa
https://conda.anaconda.org/conda-forge/osx-arm64/markupsafe-3.0.2-py311h4921393_1.conda#249e2f6f5393bb6b36b3d3a3eebdcdf9
https://conda.anaconda.org/conda-forge/noarch/mistune-3.0.2-pyhd8ed1ab_1.conda#c46df05cae629e55426773ac1f85d68f
https://conda.anaconda.org/conda-forge/noarch/multimethod-1.9.1-pyhd8ed1ab_0.conda#48223af3f697ccd9b114adb6a66e0f11
https://conda.anaconda.org/conda-forge/noarch/mypy_extensions-1.0.0-pyha770c72_1.conda#29097e7ea634a45cc5386b95cac6568f
https://conda.anaconda.org/conda-forge/noarch/nest-asyncio-1.6.0-pyhd8ed1ab_1.conda#598fd7d4d0de2455fb74f56063969a97
https://conda.anaconda.org/conda-forge/noarch/packaging-24.2-pyhd8ed1ab_2.conda#3bfed7e6228ebf2f7b9eaa47f1b4e2aa
https://conda.anaconda.org/conda-forge/noarch/pandocfilters-1.5.0-pyhd8ed1ab_0.tar.bz2#457c2c8c08e54905d6954e79cb5b5db9
https://conda.anaconda.org/conda-forge/noarch/parso-0.8.4-pyhd8ed1ab_1.conda#5c092057b6badd30f75b06244ecd01c9
https://conda.anaconda.org/conda-forge/noarch/pickleshare-0.7.5-pyhd8ed1ab_1004.conda#11a9d1d09a3615fc07c3faf79bc0b943
https://conda.anaconda.org/conda-forge/noarch/pkgutil-resolve-name-1.3.10-pyhd8ed1ab_2.conda#5a5870a74432aa332f7d32180633ad05
https://conda.anaconda.org/conda-forge/noarch/platformdirs-4.3.6-pyhd8ed1ab_1.conda#577852c7e53901ddccc7e6a9959ddebe
https://conda.anaconda.org/conda-forge/noarch/prometheus_client-0.21.1-pyhd8ed1ab_0.conda#3e01e386307acc60b2f89af0b2e161aa
https://conda.anaconda.org/conda-forge/osx-arm64/protobuf-5.28.2-py311h6885ffc_0.conda#1a922ee234494a42a52e3f7225920b41
https://conda.anaconda.org/conda-forge/osx-arm64/psutil-6.1.0-py311hae2e1ce_0.conda#e226eba0c52ecd6786e73c8ad7f41e79
https://conda.anaconda.org/conda-forge/noarch/ptyprocess-0.7.0-pyhd8ed1ab_1.conda#7d9daffbb8d8e0af0f769dbbcd173a54
https://conda.anaconda.org/conda-forge/noarch/pure_eval-0.2.3-pyhd8ed1ab_1.conda#3bfdfb8dbcdc4af1ae3f9a8eb3948f04
https://conda.anaconda.org/conda-forge/noarch/pycparser-2.22-pyh29332c3_1.conda#12c566707c80111f9799308d9e265aef
https://conda.anaconda.org/conda-forge/noarch/pygments-2.18.0-pyhd8ed1ab_1.conda#b38dc0206e2a530e5c2cf11dc086b31a
https://conda.anaconda.org/conda-forge/noarch/pysocks-1.7.1-pyha55dd90_7.conda#461219d1a5bd61342293efa2c0c90eac
https://conda.anaconda.org/conda-forge/noarch/python-fastjsonschema-2.21.1-pyhd8ed1ab_0.conda#38e34d2d1d9dca4fb2b9a0a04f604e2c
https://conda.anaconda.org/conda-forge/noarch/python-json-logger-2.0.7-pyhd8ed1ab_0.conda#a61bf9ec79426938ff785eb69dbb1960
https://conda.anaconda.org/conda-forge/noarch/python-tzdata-2024.2-pyhd8ed1ab_1.conda#c0def296b2f6d2dd7b030c2a7f66bb1f
https://conda.anaconda.org/conda-forge/noarch/pytz-2024.2-pyhd8ed1ab_1.conda#f26ec986456c30f6dff154b670ae140f
https://conda.anaconda.org/conda-forge/osx-arm64/pyyaml-6.0.2-py311h460d6c5_1.conda#d32590e7bd388f18b036c6fc402a0cb1
https://conda.anaconda.org/conda-forge/osx-arm64/pyzmq-26.2.0-py311h730b646_3.conda#b6f3e527de0c0384cd78cfa779bd6ddf
https://conda.anaconda.org/conda-forge/noarch/rfc3986-validator-0.1.1-pyh9f0ad1d_0.tar.bz2#912a71cc01012ee38e6b90ddd561e36f
https://conda.anaconda.org/conda-forge/osx-arm64/rpds-py-0.22.3-py311h3ff9189_0.conda#16669f8098b2f4a8560727efb9e65afd
https://conda.anaconda.org/conda-forge/noarch/setuptools-75.6.0-pyhff2d567_1.conda#fc80f7995e396cbaeabd23cf46c413dc
https://conda.anaconda.org/conda-forge/noarch/six-1.17.0-pyhd8ed1ab_0.conda#a451d576819089b0d672f18768be0f65
https://conda.anaconda.org/conda-forge/noarch/sniffio-1.3.1-pyhd8ed1ab_1.conda#bf7a226e58dfb8346c70df36065d86c9
https://conda.anaconda.org/conda-forge/noarch/soupsieve-2.5-pyhd8ed1ab_1.conda#3f144b2c34f8cb5a9abd9ed23a39c561
https://conda.anaconda.org/conda-forge/noarch/tabulate-0.9.0-pyhd8ed1ab_2.conda#959484a66b4b76befcddc4fa97c95567
https://conda.anaconda.org/conda-forge/noarch/threadpoolctl-3.5.0-pyhc1e730c_0.conda#df68d78237980a159bd7149f33c0e8fd
https://conda.anaconda.org/conda-forge/noarch/toolz-1.0.0-pyhd8ed1ab_0.conda#34feccdd4177f2d3d53c73fc44fd9a37
https://conda.anaconda.org/conda-forge/osx-arm64/tornado-6.4.2-py311h917b07b_0.conda#183b74c576dc7f920dae168997dbd1dd
https://conda.anaconda.org/conda-forge/noarch/traitlets-5.9.0-pyhd8ed1ab_0.conda#d0b4f5c87cd35ac3fb3d47b223263a64
https://conda.anaconda.org/conda-forge/noarch/types-python-dateutil-2.9.0.20241206-pyhd8ed1ab_0.conda#1dbc4a115e2ad9fb7f9d5b68397f66f9
https://conda.anaconda.org/conda-forge/noarch/typing_extensions-4.12.2-pyha770c72_1.conda#d17f13df8b65464ca316cbc000a3cb64
https://conda.anaconda.org/conda-forge/noarch/typing_utils-0.1.0-pyhd8ed1ab_1.conda#f6d7aa696c67756a650e91e15e88223c
https://conda.anaconda.org/conda-forge/noarch/uri-template-1.3.0-pyhd8ed1ab_1.conda#e7cb0f5745e4c5035a460248334af7eb
https://conda.anaconda.org/conda-forge/osx-arm64/vegafusion-python-embed-1.4.3-py311h94f323b_0.conda#cdee6508df13b93a0e9b79f80c6aa351
https://conda.anaconda.org/conda-forge/osx-arm64/vl-convert-python-1.0.1-py311heffc1b2_0.conda#42f411ae35597b14cfb796632b742a69
https://conda.anaconda.org/conda-forge/noarch/wcwidth-0.2.13-pyhd8ed1ab_1.conda#b68980f2495d096e71c7fd9d7ccf63e6
https://conda.anaconda.org/conda-forge/noarch/webcolors-24.11.1-pyhd8ed1ab_0.conda#b49f7b291e15494aafb0a7d74806f337
https://conda.anaconda.org/conda-forge/noarch/webencodings-0.5.1-pyhd8ed1ab_3.conda#2841eb5bfc75ce15e9a0054b98dcd64d
https://conda.anaconda.org/conda-forge/noarch/websocket-client-1.8.0-pyhd8ed1ab_1.conda#84f8f77f0a9c6ef401ee96611745da8f
https://conda.anaconda.org/conda-forge/noarch/wheel-0.45.1-pyhd8ed1ab_1.conda#75cb7132eb58d97896e173ef12ac9986
https://conda.anaconda.org/conda-forge/noarch/widgetsnbextension-4.0.13-pyhd8ed1ab_1.conda#237db148cc37a466e4222d589029b53e
https://conda.anaconda.org/conda-forge/osx-arm64/wrapt-1.17.0-py311h917b07b_0.conda#a56950191b7efa9406bbaff925173d20
https://conda.anaconda.org/conda-forge/noarch/zipp-3.21.0-pyhd8ed1ab_1.conda#0c3cc595284c5e8f0f9900a9b228a332
https://conda.anaconda.org/conda-forge/noarch/anyio-4.7.0-pyhd8ed1ab_0.conda#c88107912954a983c2caf25f7fd55158
https://conda.anaconda.org/conda-forge/osx-arm64/aws-c-s3-0.7.5-h840aca7_0.conda#1d33c89e2462b6b0056bfb883b76d2fb
https://conda.anaconda.org/conda-forge/osx-arm64/azure-identity-cpp-1.10.0-hc602bab_0.conda#d7b71593a937459f2d4b67e1a4727dc2
https://conda.anaconda.org/conda-forge/osx-arm64/azure-storage-common-cpp-12.8.0-h9ca1f76_1.conda#7a187cd7b1445afc80253bb186a607cc
https://conda.anaconda.org/conda-forge/noarch/beautifulsoup4-4.12.3-pyha770c72_1.conda#d48f7e9fdec44baf6d1da416fe402b04
https://conda.anaconda.org/conda-forge/noarch/bleach-6.2.0-pyhd8ed1ab_1.conda#707af59db75b066217403a8f00c1d826
https://conda.anaconda.org/conda-forge/noarch/cached-property-1.5.2-hd8ed1ab_1.tar.bz2#9b347a7ec10940d3f7941ff6c460b551
https://conda.anaconda.org/conda-forge/osx-arm64/cffi-1.17.1-py311h3a79f62_0.conda#a42272c5dbb6ffbc1a5af70f24c7b448
https://conda.anaconda.org/conda-forge/noarch/comm-0.2.2-pyhd8ed1ab_1.conda#74673132601ec2b7fc592755605f4c1b
https://conda.anaconda.org/conda-forge/noarch/h2-4.1.0-pyhd8ed1ab_1.conda#825927dc7b0f287ef8d4d0011bb113b1
https://conda.anaconda.org/conda-forge/noarch/importlib-metadata-8.5.0-pyha770c72_1.conda#315607a3030ad5d5227e76e0733798ff
https://conda.anaconda.org/conda-forge/noarch/importlib_resources-6.4.5-pyhd8ed1ab_1.conda#15798fa69312d433af690c8c42b3fb36
https://conda.anaconda.org/conda-forge/noarch/jedi-0.19.2-pyhd8ed1ab_1.conda#a4f4c5dc9b80bc50e0d3dc4e6e8f1bd9
https://conda.anaconda.org/conda-forge/noarch/jinja2-3.1.4-pyhd8ed1ab_1.conda#08cce3151bde4ecad7885bd9fb647532
https://conda.anaconda.org/conda-forge/noarch/joblib-1.4.2-pyhd8ed1ab_0.conda#25df261d4523d9f9783bcdb7208d872f
https://conda.anaconda.org/conda-forge/noarch/jupyter_core-5.7.2-pyh31011fe_1.conda#0a2980dada0dd7fd0998f0342308b1b1
https://conda.anaconda.org/conda-forge/noarch/jupyterlab_pygments-0.3.0-pyhd8ed1ab_2.conda#fd312693df06da3578383232528c468d
https://conda.anaconda.org/conda-forge/osx-arm64/libcblas-3.9.0-25_osxarm64_openblas.conda#4df0fae81f0b5bf47d48c882b086da11
https://conda.anaconda.org/conda-forge/osx-arm64/libgoogle-cloud-2.31.0-h8d8be31_0.conda#a338736f1514e6f999db8726fe0965b1
https://conda.anaconda.org/conda-forge/osx-arm64/liblapack-3.9.0-25_osxarm64_openblas.conda#19bbddfec972d401838330453186108d
https://conda.anaconda.org/conda-forge/noarch/matplotlib-inline-0.1.7-pyhd8ed1ab_1.conda#af6ab708897df59bd6e7283ceab1b56b
https://conda.anaconda.org/conda-forge/noarch/overrides-7.7.0-pyhd8ed1ab_0.conda#24fba5a9d161ad8103d4e84c0e1a3ed4
https://conda.anaconda.org/conda-forge/noarch/pexpect-4.9.0-pyhd8ed1ab_1.conda#d0d408b1f18883a944376da5cf8101ea
https://conda.anaconda.org/conda-forge/noarch/pip-24.3.1-pyh8b19718_0.conda#5dd546fe99b44fda83963d15f84263b7
https://conda.anaconda.org/conda-forge/noarch/prompt-toolkit-3.0.48-pyha770c72_1.conda#368d4aa48358439e07a97ae237491785
https://conda.anaconda.org/conda-forge/osx-arm64/pyobjc-core-10.3.2-py311hab620ed_0.conda#6968e48654cd85960526f4e6ed24996c
https://conda.anaconda.org/conda-forge/noarch/python-dateutil-2.9.0.post0-pyhff2d567_1.conda#5ba79d7c71f03c678c8ead841f347d6e
https://conda.anaconda.org/conda-forge/noarch/referencing-0.35.1-pyhd8ed1ab_1.conda#8c9083612c1bfe6878715ed5732605f8
https://conda.anaconda.org/conda-forge/noarch/rfc3339-validator-0.1.4-pyhd8ed1ab_1.conda#36de09a8d3e5d5e6f4ee63af49e59706
https://conda.anaconda.org/conda-forge/noarch/stack_data-0.6.3-pyhd8ed1ab_1.conda#b1b505328da7a6b246787df4b5a49fbc
https://conda.anaconda.org/conda-forge/noarch/terminado-0.18.1-pyh31c8845_0.conda#00b54981b923f5aefcd5e8547de056d5
https://conda.anaconda.org/conda-forge/noarch/tinycss2-1.4.0-pyhd8ed1ab_0.conda#f1acf5fdefa8300de697982bcb1761c9
https://conda.anaconda.org/conda-forge/noarch/typing-extensions-4.12.2-hd8ed1ab_1.conda#b6a408c64b78ec7b779a3e5c7a902433
https://conda.anaconda.org/conda-forge/noarch/typing_inspect-0.9.0-pyhd8ed1ab_0.conda#9e924b76b91908a17e28a19a0ab88687
https://conda.anaconda.org/conda-forge/noarch/annotated-types-0.7.0-pyhd8ed1ab_1.conda#2934f256a8acfe48f6ebb4fce6cde29c
https://conda.anaconda.org/conda-forge/osx-arm64/argon2-cffi-bindings-21.2.0-py311h460d6c5_5.conda#1e8260965552c6ec86453b7d15a598de
https://conda.anaconda.org/conda-forge/noarch/arrow-1.3.0-pyhd8ed1ab_1.conda#46b53236fdd990271b03c3978d4218a9
https://conda.anaconda.org/conda-forge/osx-arm64/aws-crt-cpp-0.29.7-ha310de4_1.conda#77769ed013cbf8824c1927407ea03c69
https://conda.anaconda.org/conda-forge/osx-arm64/azure-storage-blobs-cpp-12.13.0-h7585a09_1.conda#704238ef05d46144dae2e6b5853df8bc
https://conda.anaconda.org/conda-forge/noarch/fqdn-1.5.1-pyhd8ed1ab_1.conda#d3549fd50d450b6d9e7dddff25dd2110
https://conda.anaconda.org/conda-forge/noarch/ipython-8.21.0-pyh707e725_0.conda#371344fdbdf9c70cfe9adb512a8cbca6
https://conda.anaconda.org/conda-forge/noarch/jsonschema-specifications-2024.10.1-pyhd8ed1ab_1.conda#3b519bc21bc80e60b456f1e62962a766
https://conda.anaconda.org/conda-forge/noarch/jupyter_client-8.6.3-pyhd8ed1ab_1.conda#4ebae00eae9705b0c3d6d1018a81d047
https://conda.anaconda.org/conda-forge/noarch/jupyter_server_terminals-0.5.3-pyhd8ed1ab_1.conda#2d983ff1b82a1ccb6f2e9d8784bdd6bd
https://conda.anaconda.org/conda-forge/osx-arm64/libgoogle-cloud-storage-2.31.0-h7081f7f_0.conda#548fd1d31741ee6b13df4124db4a9f5f
https://conda.anaconda.org/conda-forge/osx-arm64/numpy-1.26.4-py311h7125741_0.conda#3160b93669a0def35a7a8158ebb33816
https://conda.anaconda.org/conda-forge/osx-arm64/pydantic-core-2.27.1-py311h3ff9189_0.conda#9a65f7d97aaa139bd8471429e192ac61
https://conda.anaconda.org/conda-forge/osx-arm64/pyobjc-framework-cocoa-10.3.2-py311hab620ed_0.conda#b8302e3047685d0c0721fb65e50039da
https://conda.anaconda.org/conda-forge/noarch/typeguard-4.4.1-pyhd8ed1ab_1.conda#2de116bbe966ec72715f2423337438dd
https://conda.anaconda.org/conda-forge/osx-arm64/zstandard-0.23.0-py311ha60cc69_1.conda#29d320d6450b2948740a9be3761b2e9d
https://conda.anaconda.org/conda-forge/noarch/argon2-cffi-23.1.0-pyhd8ed1ab_1.conda#a7ee488b71c30ada51c48468337b85ba
https://conda.anaconda.org/conda-forge/osx-arm64/aws-sdk-cpp-1.11.458-he4d6490_1.conda#2941213b750689ace0862a6d695bb740
https://conda.anaconda.org/conda-forge/osx-arm64/azure-storage-files-datalake-cpp-12.12.0-hcdd55da_1.conda#c49fbc5233fcbaa86391162ff1adef38
https://conda.anaconda.org/conda-forge/noarch/ipykernel-6.26.0-pyh3cd1d5f_0.conda#3c6e2148d30e6a762d8327a433ebfb5a
https://conda.anaconda.org/conda-forge/noarch/ipywidgets-8.1.5-pyhd8ed1ab_1.conda#bb19ad65196475ab6d0bb3532d7f8d96
https://conda.anaconda.org/conda-forge/noarch/isoduration-20.11.0-pyhd8ed1ab_1.conda#0b0154421989637d424ccf0f104be51a
https://conda.anaconda.org/conda-forge/noarch/jsonschema-4.23.0-pyhd8ed1ab_1.conda#a3cead9264b331b32fe8f0aabc967522
https://conda.anaconda.org/conda-forge/osx-arm64/pandas-2.1.2-py311h6e08293_0.conda#14c9a7787d59e2de0546c6c599b6960f
https://conda.anaconda.org/conda-forge/noarch/pydantic-2.10.3-pyh3cfb1c2_0.conda#194ef7f91286978521350f171b117f01
https://conda.anaconda.org/conda-forge/osx-arm64/scipy-1.13.0-py311hceeca8c_1.conda#be406411b55eab396da245dbf63eb865
https://conda.anaconda.org/conda-forge/noarch/send2trash-1.8.3-pyh31c8845_1.conda#e67b1b1fa7a79ff9e8e326d0caf55854
https://conda.anaconda.org/conda-forge/noarch/urllib3-2.2.3-pyhd8ed1ab_1.conda#4a2d8ef7c37b8808c5b9b750501fffce
https://conda.anaconda.org/conda-forge/noarch/altair-5.1.2-pyhd8ed1ab_0.conda#94f6558bed7e125d6115f4a6b70966d4
https://conda.anaconda.org/conda-forge/noarch/jsonschema-with-format-nongpl-4.23.0-hd8ed1ab_1.conda#a5b1a8065857cc4bd8b7a38d063bb728
https://conda.anaconda.org/conda-forge/osx-arm64/libarrow-18.1.0-h86d57b8_4_cpu.conda#23431b3fdbb32858d1533da5bc8fcc86
https://conda.anaconda.org/conda-forge/noarch/nbformat-5.10.4-pyhd8ed1ab_1.conda#bbe1963f1e47f594070ffe87cdf612ea
https://conda.anaconda.org/conda-forge/noarch/pandera-base-0.20.4-pyhd8ed1ab_0.conda#c2a59e20377cedcfa4a4dfa98fa7f36e
https://conda.anaconda.org/conda-forge/noarch/requests-2.31.0-pyhd8ed1ab_0.conda#a30144e4156cdbb236f99ebb49828f8b
https://conda.anaconda.org/conda-forge/osx-arm64/scikit-learn-1.3.2-py311ha25ca4d_2.conda#f427eff14595109354bd19c94a3d3624
https://conda.anaconda.org/conda-forge/noarch/jupyter_events-0.10.0-pyhd8ed1ab_1.conda#62186e6383f38cc6a3466f0fadde3f2e
https://conda.anaconda.org/conda-forge/osx-arm64/libarrow-acero-18.1.0-h1dc2043_4_cpu.conda#e4ed6162593fbb01f4d742db4215f70c
https://conda.anaconda.org/conda-forge/osx-arm64/libparquet-18.1.0-hf4cc9e7_4_cpu.conda#b462d962b5254923c5f65ce1c68dfc17
https://conda.anaconda.org/conda-forge/noarch/nbclient-0.10.1-pyhd8ed1ab_0.conda#3ee79082e59a28e1db11e2a9c3bcd85a
https://conda.anaconda.org/conda-forge/noarch/pandera-0.20.4-hd8ed1ab_0.conda#1f5a3edcac6b4ebded70e2bd9871a6a8
https://conda.anaconda.org/conda-forge/osx-arm64/pyarrow-core-18.1.0-py311he04fa90_0_cpu.conda#09b4a27f615d22f194466d8c274ef13e
https://conda.anaconda.org/conda-forge/osx-arm64/libarrow-dataset-18.1.0-h1dc2043_4_cpu.conda#bb940b4c583e4c8e5a9f193fabdb5840
https://conda.anaconda.org/conda-forge/noarch/nbconvert-core-7.16.4-pyhff2d567_2.conda#0457fdf55c88e52e0e7b63691eafcc48
https://conda.anaconda.org/conda-forge/noarch/jupyter_server-2.14.2-pyhd8ed1ab_1.conda#81ea84b3212287f926e35b9036192963
https://conda.anaconda.org/conda-forge/osx-arm64/libarrow-substrait-18.1.0-hf3d3107_4_cpu.conda#c093b05dc6d1b6057342d3dd6f3bd0d8
https://conda.anaconda.org/conda-forge/noarch/nbconvert-pandoc-7.16.4-hd8ed1ab_2.conda#28701f71ce0b88b86783df822dd9d7b9
https://conda.anaconda.org/conda-forge/noarch/nbconvert-7.16.4-hd8ed1ab_2.conda#9337002f0dd2fcb8e1064f8023c8e0c0
https://conda.anaconda.org/conda-forge/noarch/notebook-shim-0.2.4-pyhd8ed1ab_1.conda#e7f89ea5f7ea9401642758ff50a2d9c1
https://conda.anaconda.org/conda-forge/osx-arm64/pyarrow-18.1.0-py311ha1ab1f8_0.conda#7a3b822fa6abb937651bee20878f087a
https://conda.anaconda.org/conda-forge/noarch/nbclassic-1.1.0-pyhd8ed1ab_1.conda#7a4d3e43cf7f83774d9a50051a6a7f62
https://conda.anaconda.org/conda-forge/noarch/vegafusion-1.4.3-pyhd8ed1ab_0.conda#9cb656d81e1fb1831e667b1b2795b079
https://conda.anaconda.org/conda-forge/noarch/notebook-6.5.4-pyha770c72_0.conda#ec4ce3ce0a55ce21b6f5b86049b97af9
https://conda.anaconda.org/conda-forge/noarch/vegafusion-jupyter-1.4.3-pyhd8ed1ab_0.conda#d2619e748b3fa6da3d8ff654ffe4d661
https://conda.anaconda.org/conda-forge/noarch/jupyter_contrib_core-0.4.0-pyhd8ed1ab_0.tar.bz2#411e592d362f923fac66550b9c3ce25e
https://conda.anaconda.org/conda-forge/noarch/jupyter_highlight_selected_word-0.2.0-pyhd8ed1ab_1006.conda#61fc0eb3b6533815398f4025c336b2de
https://conda.anaconda.org/conda-forge/noarch/jupyter_latex_envs-1.4.6-pyhd8ed1ab_1002.tar.bz2#4b888fd7d6b4cdb6736878b2cf8ea951
https://conda.anaconda.org/conda-forge/noarch/jupyter_nbextensions_configurator-0.6.1-pyhd8ed1ab_0.conda#7fc02dc73038b4c3cb0cf2f4a5e94f0f
https://conda.anaconda.org/conda-forge/noarch/jupyter_contrib_nbextensions-0.7.0-pyhd8ed1ab_0.conda#e172ca934d0aa08617c87c5954574bbf
# pip cycler @ https://files.pythonhosted.org/packages/e7/05/c19819d5e3d95294a6f5947fb9b9629efb316b96de511b418c53d245aae6/cycler-0.12.1-py3-none-any.whl#sha256=85cef7cff222d8644161529808465972e51340599459b8ac3ccbac5a854e0d30
# pip fonttools @ https://files.pythonhosted.org/packages/d4/9b/bce708f6293dce086d7e5ecc223da8e57474537a8d7172cd62af5337bb27/fonttools-4.55.2-cp311-cp311-macosx_10_9_universal2.whl#sha256=d34525e8141286fa976e14806639d32294bfb38d28bbdb5f6be9f46a1cd695a6
# pip jsonpickle @ https://files.pythonhosted.org/packages/a1/64/815460f86d94c9e1431800a75061719824c6fef14d88a6117eba3126cd5b/jsonpickle-4.0.0-py3-none-any.whl#sha256=53730b9e094bc41f540bfdd25eaf6e6cf43811590e9e1477abcec44b866ddcd9
# pip jupyterlab-widgets @ https://files.pythonhosted.org/packages/1f/73/4f281e0f86bf532baec742da40ededf8b22dc224523e38c638fb6ad91255/jupyterlab_widgets-1.1.11-py3-none-any.whl#sha256=840e538021d87e020a8e7b786597f088431f4ebd8308655555e126c3950a1b27
# pip kiwisolver @ https://files.pythonhosted.org/packages/f4/98/fe010f15dc7230f45bc4cf367b012d651367fd203caaa992fd1f5963560e/kiwisolver-1.4.7-cp311-cp311-macosx_11_0_arm64.whl#sha256=46707a10836894b559e04b0fd143e343945c97fd170d69a2d26d640b4e297935
# pip pillow @ https://files.pythonhosted.org/packages/25/b3/2b54a1d541accebe6bd8b1358b34ceb2c509f51cb7dcda8687362490da5b/pillow-11.0.0-cp311-cp311-macosx_11_0_arm64.whl#sha256=499c3a1b0d6fc8213519e193796eb1a86a1be4b1877d678b30f83fd979811d1a
# pip pyparsing @ https://files.pythonhosted.org/packages/be/ec/2eb3cd785efd67806c46c13a17339708ddc346cbb684eade7a6e6f79536a/pyparsing-3.2.0-py3-none-any.whl#sha256=93d9577b88da0bbea8cc8334ee8b918ed014968fd2ec383e868fb8afb1ccef84
# pip tenacity @ https://files.pythonhosted.org/packages/b6/cb/b86984bed139586d01532a587464b5805f12e397594f19f931c4c2fbfa61/tenacity-9.0.0-py3-none-any.whl#sha256=93de0c98785b27fcf659856aa9f54bfbd399e29969b0621bc7f762bd441b4539
# pip tqdm @ https://files.pythonhosted.org/packages/d0/30/dc54f88dd4a2b5dc8a0279bdd7270e735851848b762aeb1c1184ed1f6b14/tqdm-4.67.1-py3-none-any.whl#sha256=26445eca388f82e72884e0d580d5464cd801a3ea01e63e5601bdff9ba6a48de2
# pip contourpy @ https://files.pythonhosted.org/packages/67/71/1e6e95aee21a500415f5d2dbf037bf4567529b6a4e986594d7026ec5ae90/contourpy-1.3.1-cp311-cp311-macosx_11_0_arm64.whl#sha256=20914c8c973f41456337652a6eeca26d2148aa96dd7ac323b74516988bea89fc
# pip nbconvert @ https://files.pythonhosted.org/packages/b8/bb/bb5b6a515d1584aa2fd89965b11db6632e4bdc69495a52374bcc36e56cfa/nbconvert-7.16.4-py3-none-any.whl#sha256=05873c620fe520b6322bf8a5ad562692343fe3452abda5765c7a34b7d1aa3eb3
# pip patsy @ https://files.pythonhosted.org/packages/87/2b/b50d3d08ea0fc419c183a84210571eba005328efa62b6b98bc28e9ead32a/patsy-1.0.1-py2.py3-none-any.whl#sha256=751fb38f9e97e62312e921a1954b81e1bb2bcda4f5eeabaf94db251ee791509c
# pip plotly @ https://files.pythonhosted.org/packages/e5/ae/580600f441f6fc05218bd6c9d5794f4aef072a7d9093b291f1c50a9db8bc/plotly-5.24.1-py3-none-any.whl#sha256=f67073a1e637eb0dc3e46324d9d51e2fe76e9727c892dde64ddf1e1b51f29089
# pip python-utils @ https://files.pythonhosted.org/packages/d4/69/31c82567719b34d8f6b41077732589104883771d182a9f4ff3e71430999a/python_utils-3.9.1-py2.py3-none-any.whl#sha256=0273d7363c7ad4b70999b2791d5ba6b55333d6f7a4e4c8b6b39fb82b5fab4613
# pip scipy @ https://files.pythonhosted.org/packages/0d/3e/d05b9de83677195886fb79844fcca19609a538db63b1790fa373155bc3cf/scipy-1.10.1-cp311-cp311-macosx_12_0_arm64.whl#sha256=d925fa1c81b772882aa55bcc10bf88324dadb66ff85d548c71515f6689c6dac5
# pip vega-datasets @ https://files.pythonhosted.org/packages/e6/9f/ca52771fe972e0dcc5167fedb609940e01516066938ff2ee28b273ae4f29/vega_datasets-0.9.0-py3-none-any.whl#sha256=3d7c63917be6ca9b154b565f4779a31fedce57b01b5b9d99d8a34a7608062a1d
# pip widgetsnbextension @ https://files.pythonhosted.org/packages/93/1b/25d570ee8dce0f2ddadb967d6242cf6e10516db7897c7d9a6e3853b56bfc/widgetsnbextension-3.6.10-py2.py3-none-any.whl#sha256=91a283c2bb50b43ae415dfe69fb026ece0c14e0102987fb53127c7a71e82417d
# pip altair-ally @ https://files.pythonhosted.org/packages/ca/b3/df528cb8c8242485b7f5d4d973fea5233b216486b3e1d2d8b14d92772ddf/altair_ally-0.1.1.tar.gz#sha256=f8b7179fda6335322048f71ec29b827b63f658e8a9fb54426927597eeb1f446e
# pip ipywidgets @ https://files.pythonhosted.org/packages/25/22/f48bd3af0ef7c72dce13f9930a4483acbc7c77373834700296495ea0875f/ipywidgets-7.8.5-py2.py3-none-any.whl#sha256=8055fe314edd4c101a5f1ea230620ef5e315b0ca87f940264b4eac1faf9746ef
# pip matplotlib @ https://files.pythonhosted.org/packages/db/43/1274be2b1922858c7a43f0d6e00571fe24696788c7b5a8c980127af24a96/matplotlib-3.9.3-cp311-cp311-macosx_11_0_arm64.whl#sha256=213d6dc25ce686516208d8a3e91120c6a4fdae4a3e06b8505ced5b716b50cc04
# pip pynomaly @ https://files.pythonhosted.org/packages/03/00/0af76dc221eb34f0d98af54024955ddc16080057a69d4c19329811aabc03/PyNomaly-0.3.4-py3-none-any.whl#sha256=e653f1e1c9a70c92170829f7440841e3b004528e1a1bfaea5e830e53fca26822
# pip statsmodels @ https://files.pythonhosted.org/packages/07/0b/9a0818be42f6689ebdc7a2277ea984d6299f0809d0e0277128df4f7dc606/statsmodels-0.14.4-cp311-cp311-macosx_11_0_arm64.whl#sha256=f5f537f7d000de4a1708c63400755152b862cd4926bb81a86568e347c19c364b
# pip category-encoders @ https://files.pythonhosted.org/packages/98/47/598b4bf0ccf6f02915e71bdd23fe846a27adc2d3ba734f2ba5215d8e44f5/category_encoders-2.6.4-py2.py3-none-any.whl#sha256=59f4b541ec787dfdfacc12267e1aff91a1ddc0b756991ec2129d50d6495d6e36
# pip deepchecks @ https://files.pythonhosted.org/packages/53/fa/ca53da26738399100096323d05c71e7f0bab30a4e98f113b900562e8982a/deepchecks-0.18.1-py3-none-any.whl#sha256=747bb47181fcc131d67d39607d9a23c38f51019db7bb8365d5d89cb425b2dd0c
