# Generated by conda-lock.
# platform: win-64
# input_hash: 8b2113dd8ecfd22fa4cb7ec27c025b60a5c396f52e598b642629f46a3d4dcde9
@EXPLICIT
https://conda.anaconda.org/conda-forge/win-64/ca-certificates-2024.8.30-h56e8100_0.conda#4c4fd67c18619be5aa65dc5b6c72e490
https://conda.anaconda.org/conda-forge/win-64/dart-sass-1.58.3-h57928b3_1.conda#717501926d44c46117979fc54892c560
https://conda.anaconda.org/conda-forge/win-64/esbuild-0.24.0-h57928b3_0.conda#333e68de31627c2a782cd24cc19ed385
https://conda.anaconda.org/conda-forge/win-64/intel-openmp-2024.2.1-h57928b3_1083.conda#2d89243bfb53652c182a7c73182cce4f
https://conda.anaconda.org/conda-forge/win-64/msys2-conda-epoch-20160418-1.tar.bz2#b0309b72560df66f71a9d5e34a5efdfa
https://conda.anaconda.org/conda-forge/win-64/pandoc-3.2-h57928b3_0.conda#44c65fee440f2492edb8cb25f5770065
https://conda.anaconda.org/conda-forge/win-64/python_abi-3.11-5_cp311.conda#895b873644c11ccc0ab7dba2d8513ae6
https://conda.anaconda.org/conda-forge/noarch/tzdata-2024b-hc8b5060_0.conda#8ac3367aafb1cc0a068483c580af8015
https://conda.anaconda.org/conda-forge/win-64/ucrt-10.0.22621.0-h57928b3_1.conda#6797b005cd0f439c4c5c9ac565783700
https://conda.anaconda.org/conda-forge/win-64/winpty-0.4.3-4.tar.bz2#1cee351bf20b830d991dbe0bc8cd7dfe
https://conda.anaconda.org/conda-forge/win-64/m2w64-gmp-6.1.0-2.tar.bz2#53a1c73e1e3d185516d7e3af177596d9
https://conda.anaconda.org/conda-forge/win-64/m2w64-libwinpthread-git-5.0.0.4634.697f757-2.tar.bz2#774130a326dee16f1ceb05cc687ee4f0
https://conda.anaconda.org/conda-forge/win-64/vc14_runtime-14.42.34433-he29a5d6_23.conda#32b37d0cfa80da34548501cdc913a832
https://conda.anaconda.org/conda-forge/win-64/m2w64-gcc-libs-core-5.3.0-7.tar.bz2#4289d80fb4d272f1f3b56cfe87ac90bd
https://conda.anaconda.org/conda-forge/win-64/vc-14.3-ha32ba9b_23.conda#7c10ec3158d1eb4ddff7007c9101adb0
https://conda.anaconda.org/conda-forge/win-64/vs2015_runtime-14.42.34433-hdffcdeb_23.conda#5c176975ca2b8366abad3c97b3cd1e83
https://conda.anaconda.org/conda-forge/win-64/aws-c-common-0.10.5-h2466b09_0.conda#c3651100603927c469cd28ea24fb65a3
https://conda.anaconda.org/conda-forge/win-64/bzip2-1.0.8-h2466b09_7.conda#276e7ffe9ffe39688abc665ef0f45596
https://conda.anaconda.org/conda-forge/win-64/c-ares-1.34.3-h2466b09_1.conda#f8413bb7fb62f7bdc2545c9a06937790
https://conda.anaconda.org/conda-forge/win-64/deno-1.41.0-h1f5608b_0.conda#1b1bdc63520e9487d9a15657dc877583
https://conda.anaconda.org/conda-forge/win-64/libabseil-20240722.0-cxx17_he0c23c2_1.conda#3f59a73b07a05530b252ecb07dd882b9
https://conda.anaconda.org/conda-forge/win-64/libbrotlicommon-1.1.0-h2466b09_2.conda#f7dc9a8f21d74eab46456df301da2972
https://conda.anaconda.org/conda-forge/win-64/libcrc32c-1.1.2-h0e60522_0.tar.bz2#cd4cc2d0c610c8cb5419ccc979f2d6ce
https://conda.anaconda.org/conda-forge/win-64/libexpat-2.6.4-he0c23c2_0.conda#eb383771c680aa792feb529eaf9df82f
https://conda.anaconda.org/conda-forge/win-64/libffi-3.4.2-h8ffe710_5.tar.bz2#2c96d1b6915b408893f9472569dee135
https://conda.anaconda.org/conda-forge/win-64/libiconv-1.17-hcfcfb64_2.conda#e1eb10b1cca179f2baa3601e4efc8712
https://conda.anaconda.org/conda-forge/win-64/liblzma-5.6.3-h2466b09_1.conda#015b9c0bd1eef60729ab577a38aaf0b5
https://conda.anaconda.org/conda-forge/win-64/libsodium-1.0.20-hc70643c_0.conda#198bb594f202b205c7d18b936fa4524f
https://conda.anaconda.org/conda-forge/win-64/libsqlite-3.47.2-h67fdade_0.conda#ff00095330e0d35a16bd3bdbd1a2d3e7
https://conda.anaconda.org/conda-forge/win-64/libutf8proc-2.9.0-h2466b09_1.conda#6f35a14d54f6fe4d013005cf56031842
https://conda.anaconda.org/conda-forge/win-64/libzlib-1.3.1-h2466b09_2.conda#41fbfac52c601159df6c01f875de31b9
https://conda.anaconda.org/conda-forge/win-64/lz4-c-1.10.0-h2466b09_1.conda#0b69331897a92fac3d8923549d48d092
https://conda.anaconda.org/conda-forge/win-64/m2w64-gcc-libgfortran-5.3.0-6.tar.bz2#066552ac6b907ec6d72c0ddab29050dc
https://conda.anaconda.org/conda-forge/win-64/openssl-3.4.0-h2466b09_0.conda#d0d805d9b5524a14efb51b3bff965e83
https://conda.anaconda.org/conda-forge/win-64/pthreads-win32-2.9.1-h2466b09_4.conda#cf98a67a1ec8040b42455002a24f0b0b
https://conda.anaconda.org/conda-forge/win-64/snappy-1.2.1-h500f7fa_1.conda#e32fb978aaea855ddce624eb8c8eb69a
https://conda.anaconda.org/conda-forge/win-64/tk-8.6.13-h5226925_1.conda#fc048363eb8f03cd1737600a5d08aafe
https://conda.anaconda.org/conda-forge/win-64/typst-0.11.0-h975169c_0.conda#0b3c49a8651b4036179ca4088b84d1ea
https://conda.anaconda.org/conda-forge/win-64/yaml-0.2.5-h8ffe710_2.tar.bz2#adbfb9f45d1004a26763652246a33764
https://conda.anaconda.org/conda-forge/win-64/aws-c-cal-0.8.1-h8c8fd1d_2.conda#05fde9f14acb04806d7c464e489f4dd7
https://conda.anaconda.org/conda-forge/win-64/aws-c-compression-0.3.0-h8c8fd1d_4.conda#991d95a3dd22184afdb7f41bfaf20b05
https://conda.anaconda.org/conda-forge/win-64/aws-c-sdkutils-0.2.1-h8c8fd1d_3.conda#390db30e7d42092ab435dd84b45880c8
https://conda.anaconda.org/conda-forge/win-64/aws-checksums-0.2.2-h8c8fd1d_3.conda#33dd2b0591cffe4a699900fe78f3892a
https://conda.anaconda.org/conda-forge/win-64/deno-dom-0.1.35-h8b8d39b_1.conda#e1b95d707e592ee1f8d20986c449d927
https://conda.anaconda.org/conda-forge/win-64/krb5-1.21.3-hdf4eb48_0.conda#31aec030344e962fbd7dbbbbd68e60a9
https://conda.anaconda.org/conda-forge/win-64/libbrotlidec-1.1.0-h2466b09_2.conda#9bae75ce723fa34e98e239d21d752a7e
https://conda.anaconda.org/conda-forge/win-64/libbrotlienc-1.1.0-h2466b09_2.conda#85741a24d97954a991e55e34bc55990b
https://conda.anaconda.org/conda-forge/win-64/libevent-2.1.12-h3671451_1.conda#25efbd786caceef438be46da78a7b5ef
https://conda.anaconda.org/conda-forge/win-64/liblzma-devel-5.6.3-h2466b09_1.conda#5f9978adba7aa8aa7d237cdb8b542537
https://conda.anaconda.org/conda-forge/win-64/libprotobuf-5.28.2-hcaed137_0.conda#97c6d2f83edd7b400a22660e2a4d1488
https://conda.anaconda.org/conda-forge/win-64/libre2-11-2024.07.02-h4eb7d71_1.conda#d8dbfb066c8e3e85439687613d32057d
https://conda.anaconda.org/conda-forge/win-64/libssh2-1.11.1-he619c9f_0.conda#af0cbf037dd614c34399b3b3e568c557
https://conda.anaconda.org/conda-forge/win-64/libxml2-2.13.5-he286e8c_1.conda#77eaa84f90fc90643c5a0be0aa9bdd1b
https://conda.anaconda.org/conda-forge/win-64/m2w64-gcc-libs-5.3.0-7.tar.bz2#fe759119b8b3bfa720b8762c6fdc35de
https://conda.anaconda.org/conda-forge/win-64/xz-tools-5.6.3-h2466b09_1.conda#4100be41430c9b2310468d3489597071
https://conda.anaconda.org/conda-forge/win-64/zstd-1.5.6-h0ea2cb4_0.conda#9a17230f95733c04dc40a2b1e5491d74
https://conda.anaconda.org/conda-forge/win-64/aws-c-io-0.15.3-h64afbcc_3.conda#3c63b5b90b7bb2f9de137aba24d26bfa
https://conda.anaconda.org/conda-forge/win-64/libcurl-8.10.1-h1ee3ff0_0.conda#7ead800e22ff7b4bccb73e42a8f7a0f4
https://conda.anaconda.org/conda-forge/win-64/libhwloc-2.11.2-default_hc8275d1_1000.conda#2805c2eb3a74df931b3e2b724fcb965e
https://conda.anaconda.org/conda-forge/win-64/libthrift-0.21.0-hbe90ef8_0.conda#7699570e1f97de7001a7107aabf2d677
https://conda.anaconda.org/conda-forge/win-64/libxslt-1.1.39-h3df6e99_0.conda#279ee338c9b34871d578cb3c7aa68f70
https://conda.anaconda.org/conda-forge/win-64/orc-2.0.3-h303113e_1.conda#ee23cf0b0905156189cfade6b171c2ec
https://conda.anaconda.org/conda-forge/win-64/quarto-1.5.57-h57928b3_1.conda#86eae81af617ec90fe4fba47647ef776
https://conda.anaconda.org/conda-forge/win-64/re2-2024.07.02-hd3b24a8_1.conda#b4abdc84c969587219e7e759116a3e8b
https://conda.anaconda.org/conda-forge/win-64/xz-5.6.3-h208afaa_1.conda#fce59c05fc73134677e81b7b8184b397
https://conda.anaconda.org/conda-forge/win-64/zeromq-4.3.5-ha9f60a1_7.conda#e03f2c245a5ee6055752465519363b1c
https://conda.anaconda.org/conda-forge/win-64/aws-c-event-stream-0.5.0-hc341d5d_10.conda#8f1dd018718bd9bae6ea4f2f2c660789
https://conda.anaconda.org/conda-forge/win-64/aws-c-http-0.9.2-h8528005_3.conda#f8cd24560f64142f4a0b846d4b25df6d
https://conda.anaconda.org/conda-forge/win-64/libgrpc-1.67.1-h7aa3b8a_0.conda#daad5d4a1c24c1afe748afbb83377e43
https://conda.anaconda.org/conda-forge/win-64/python-3.11.6-h2628c8c_0_cpython.conda#80b761856b20383615a3fe8b1b13eef8
https://conda.anaconda.org/conda-forge/win-64/tbb-2021.13.0-h62715c5_1.conda#9190dd0a23d925f7602f9628b3aed511
https://conda.anaconda.org/conda-forge/noarch/asttokens-3.0.0-pyhd8ed1ab_1.conda#8f587de4bcf981e26228f268df374a9b
https://conda.anaconda.org/conda-forge/noarch/attrs-24.2.0-pyh71513ae_1.conda#2018839db45c79654b57a924fcdd27d0
https://conda.anaconda.org/conda-forge/win-64/aws-c-auth-0.8.0-h2e72d4e_14.conda#80c27d0bd4baafe72fca789d08a69294
https://conda.anaconda.org/conda-forge/win-64/aws-c-mqtt-0.11.0-hf27d0c7_11.conda#d6afb590cb6451110855bcc110293227
https://conda.anaconda.org/conda-forge/win-64/brotli-python-1.1.0-py311hda3d55a_2.conda#a0ea2839841a06740a1c110ba3317b42
https://conda.anaconda.org/conda-forge/noarch/cached_property-1.5.2-pyha770c72_1.tar.bz2#576d629e47797577ab0f1b351297ef4a
https://conda.anaconda.org/conda-forge/noarch/certifi-2024.8.30-pyhd8ed1ab_0.conda#12f7d00853807b0531775e9be891cb11
https://conda.anaconda.org/conda-forge/noarch/charset-normalizer-3.4.0-pyhd8ed1ab_1.conda#6581a17bba6b948bb60130026404a9d6
https://conda.anaconda.org/conda-forge/noarch/colorama-0.4.6-pyhd8ed1ab_1.conda#962b9857ee8e7018c22f2776ffa0b2d7
https://conda.anaconda.org/conda-forge/win-64/debugpy-1.8.9-py311hda3d55a_0.conda#0f21eefbe9b04632c4e0e17636be84d3
https://conda.anaconda.org/conda-forge/noarch/decorator-5.1.1-pyhd8ed1ab_1.conda#d622d8d7ee8868870f9cbe259f381181
https://conda.anaconda.org/conda-forge/noarch/defusedxml-0.7.1-pyhd8ed1ab_0.tar.bz2#961b3a227b437d82ad7054484cfa71b2
https://conda.anaconda.org/conda-forge/noarch/entrypoints-0.4-pyhd8ed1ab_1.conda#3366592d3c219f2731721f11bc93755c
https://conda.anaconda.org/conda-forge/noarch/exceptiongroup-1.2.2-pyhd8ed1ab_1.conda#a16662747cdeb9abbac74d0057cc976e
https://conda.anaconda.org/conda-forge/noarch/executing-2.1.0-pyhd8ed1ab_1.conda#ef8b5fca76806159fc25b4f48d8737eb
https://conda.anaconda.org/conda-forge/noarch/hpack-4.0.0-pyhd8ed1ab_1.conda#2aa5ff7fa34a81b9196532c84c10d865
https://conda.anaconda.org/conda-forge/noarch/hyperframe-6.0.1-pyhd8ed1ab_1.conda#566e75c90c1d0c8c459eb0ad9833dc7a
https://conda.anaconda.org/conda-forge/noarch/idna-3.10-pyhd8ed1ab_1.conda#39a4f67be3286c86d696df570b1201b7
https://conda.anaconda.org/conda-forge/noarch/iniconfig-2.0.0-pyhd8ed1ab_1.conda#6837f3eff7dcea42ecd714ce1ac2b108
https://conda.anaconda.org/conda-forge/noarch/ipython_genutils-0.2.0-pyhd8ed1ab_2.conda#2f0ba4bc12af346bc6c99bdc377e8944
https://conda.anaconda.org/conda-forge/win-64/jsonpointer-3.0.0-py311h1ea47a8_1.conda#943f7fab631e12750641efd7279a268c
https://conda.anaconda.org/conda-forge/noarch/jupyterlab_widgets-3.0.13-pyhd8ed1ab_1.conda#b26e487434032d7f486277beb0cead3a
https://conda.anaconda.org/conda-forge/win-64/libgoogle-cloud-2.32.0-h07d40e7_0.conda#a2efe439d2c66634bd04a7a9f75a71fb
https://conda.anaconda.org/conda-forge/win-64/lxml-5.3.0-py311hf779c20_2.conda#0daec383af1b02e9b8864e344e4941c4
https://conda.anaconda.org/conda-forge/win-64/markupsafe-3.0.2-py311h5082efb_1.conda#c1f2ddad665323278952a453912dc3bd
https://conda.anaconda.org/conda-forge/noarch/mistune-3.0.2-pyhd8ed1ab_1.conda#c46df05cae629e55426773ac1f85d68f
https://conda.anaconda.org/conda-forge/win-64/mkl-2024.2.2-h66d3029_14.conda#f011e7cc21918dc9d1efe0209e27fa16
https://conda.anaconda.org/conda-forge/noarch/multimethod-1.9.1-pyhd8ed1ab_0.conda#48223af3f697ccd9b114adb6a66e0f11
https://conda.anaconda.org/conda-forge/noarch/mypy_extensions-1.0.0-pyha770c72_1.conda#29097e7ea634a45cc5386b95cac6568f
https://conda.anaconda.org/conda-forge/noarch/nest-asyncio-1.6.0-pyhd8ed1ab_1.conda#598fd7d4d0de2455fb74f56063969a97
https://conda.anaconda.org/conda-forge/noarch/packaging-24.2-pyhd8ed1ab_2.conda#3bfed7e6228ebf2f7b9eaa47f1b4e2aa
https://conda.anaconda.org/conda-forge/noarch/pandocfilters-1.5.0-pyhd8ed1ab_0.tar.bz2#457c2c8c08e54905d6954e79cb5b5db9
https://conda.anaconda.org/conda-forge/noarch/parso-0.8.4-pyhd8ed1ab_1.conda#5c092057b6badd30f75b06244ecd01c9
https://conda.anaconda.org/conda-forge/noarch/pickleshare-0.7.5-pyhd8ed1ab_1004.conda#11a9d1d09a3615fc07c3faf79bc0b943
https://conda.anaconda.org/conda-forge/noarch/pkgutil-resolve-name-1.3.10-pyhd8ed1ab_2.conda#5a5870a74432aa332f7d32180633ad05
https://conda.anaconda.org/conda-forge/noarch/platformdirs-4.3.6-pyhd8ed1ab_1.conda#577852c7e53901ddccc7e6a9959ddebe
https://conda.anaconda.org/conda-forge/noarch/pluggy-1.5.0-pyhd8ed1ab_1.conda#e9dcbce5f45f9ee500e728ae58b605b6
https://conda.anaconda.org/conda-forge/noarch/prometheus_client-0.21.1-pyhd8ed1ab_0.conda#3e01e386307acc60b2f89af0b2e161aa
https://conda.anaconda.org/conda-forge/win-64/protobuf-5.28.2-py311hda3d55a_0.conda#ebbcb88e6cbbf7d3b45f55c2061d9e59
https://conda.anaconda.org/conda-forge/win-64/psutil-6.1.0-py311he736701_0.conda#307267e6a028bca3382d98e06a372ebf
https://conda.anaconda.org/conda-forge/noarch/pure_eval-0.2.3-pyhd8ed1ab_1.conda#3bfdfb8dbcdc4af1ae3f9a8eb3948f04
https://conda.anaconda.org/conda-forge/noarch/pycparser-2.22-pyh29332c3_1.conda#12c566707c80111f9799308d9e265aef
https://conda.anaconda.org/conda-forge/noarch/pygments-2.18.0-pyhd8ed1ab_1.conda#b38dc0206e2a530e5c2cf11dc086b31a
https://conda.anaconda.org/conda-forge/noarch/python-fastjsonschema-2.21.1-pyhd8ed1ab_0.conda#38e34d2d1d9dca4fb2b9a0a04f604e2c
https://conda.anaconda.org/conda-forge/noarch/python-json-logger-2.0.7-pyhd8ed1ab_0.conda#a61bf9ec79426938ff785eb69dbb1960
https://conda.anaconda.org/conda-forge/noarch/python-tzdata-2024.2-pyhd8ed1ab_1.conda#c0def296b2f6d2dd7b030c2a7f66bb1f
https://conda.anaconda.org/conda-forge/noarch/pytz-2024.2-pyhd8ed1ab_1.conda#f26ec986456c30f6dff154b670ae140f
https://conda.anaconda.org/conda-forge/win-64/pywin32-307-py311hda3d55a_3.conda#1bc10dbe3b8d03071070c962a2bdf65f
https://conda.anaconda.org/conda-forge/win-64/pywinpty-2.0.14-py311hda3d55a_0.conda#64553b300529aa8987f6ca92c914c844
https://conda.anaconda.org/conda-forge/win-64/pyyaml-6.0.2-py311he736701_1.conda#d0c5f3c595039890be0c9af47d23b9ba
https://conda.anaconda.org/conda-forge/win-64/pyzmq-26.2.0-py311h484c95c_3.conda#4836b00658e11b466b823216f6df2424
https://conda.anaconda.org/conda-forge/noarch/rfc3986-validator-0.1.1-pyh9f0ad1d_0.tar.bz2#912a71cc01012ee38e6b90ddd561e36f
https://conda.anaconda.org/conda-forge/win-64/rpds-py-0.22.3-py311h533ab2d_0.conda#40c964a32833f3ad13ba4183cd180577
https://conda.anaconda.org/conda-forge/noarch/setuptools-75.6.0-pyhff2d567_1.conda#fc80f7995e396cbaeabd23cf46c413dc
https://conda.anaconda.org/conda-forge/noarch/six-1.17.0-pyhd8ed1ab_0.conda#a451d576819089b0d672f18768be0f65
https://conda.anaconda.org/conda-forge/noarch/sniffio-1.3.1-pyhd8ed1ab_1.conda#bf7a226e58dfb8346c70df36065d86c9
https://conda.anaconda.org/conda-forge/noarch/soupsieve-2.5-pyhd8ed1ab_1.conda#3f144b2c34f8cb5a9abd9ed23a39c561
https://conda.anaconda.org/conda-forge/noarch/tabulate-0.9.0-pyhd8ed1ab_2.conda#959484a66b4b76befcddc4fa97c95567
https://conda.anaconda.org/conda-forge/noarch/threadpoolctl-3.5.0-pyhc1e730c_0.conda#df68d78237980a159bd7149f33c0e8fd
https://conda.anaconda.org/conda-forge/noarch/tomli-2.2.1-pyhd8ed1ab_1.conda#ac944244f1fed2eb49bae07193ae8215
https://conda.anaconda.org/conda-forge/noarch/toolz-1.0.0-pyhd8ed1ab_1.conda#40d0ed782a8aaa16ef248e68c06c168d
https://conda.anaconda.org/conda-forge/win-64/tornado-6.4.2-py311he736701_0.conda#7e33077ce1bc0bf45c45a92e37432f16
https://conda.anaconda.org/conda-forge/noarch/traitlets-5.9.0-pyhd8ed1ab_0.conda#d0b4f5c87cd35ac3fb3d47b223263a64
https://conda.anaconda.org/conda-forge/noarch/types-python-dateutil-2.9.0.20241206-pyhd8ed1ab_0.conda#1dbc4a115e2ad9fb7f9d5b68397f66f9
https://conda.anaconda.org/conda-forge/noarch/typing_extensions-4.12.2-pyha770c72_1.conda#d17f13df8b65464ca316cbc000a3cb64
https://conda.anaconda.org/conda-forge/noarch/typing_utils-0.1.0-pyhd8ed1ab_1.conda#f6d7aa696c67756a650e91e15e88223c
https://conda.anaconda.org/conda-forge/noarch/uri-template-1.3.0-pyhd8ed1ab_1.conda#e7cb0f5745e4c5035a460248334af7eb
https://conda.anaconda.org/conda-forge/win-64/vegafusion-python-embed-1.4.3-py311h9a9e57f_0.conda#96e8bed8d215eb387958e78cc4593c49
https://conda.anaconda.org/conda-forge/win-64/vl-convert-python-1.0.1-py311hbd2cf30_0.conda#7c214388ed91eff512efb138b13e1249
https://conda.anaconda.org/conda-forge/noarch/wcwidth-0.2.13-pyhd8ed1ab_1.conda#b68980f2495d096e71c7fd9d7ccf63e6
https://conda.anaconda.org/conda-forge/noarch/webcolors-24.11.1-pyhd8ed1ab_0.conda#b49f7b291e15494aafb0a7d74806f337
https://conda.anaconda.org/conda-forge/noarch/webencodings-0.5.1-pyhd8ed1ab_3.conda#2841eb5bfc75ce15e9a0054b98dcd64d
https://conda.anaconda.org/conda-forge/noarch/websocket-client-1.8.0-pyhd8ed1ab_1.conda#84f8f77f0a9c6ef401ee96611745da8f
https://conda.anaconda.org/conda-forge/noarch/wheel-0.45.1-pyhd8ed1ab_1.conda#75cb7132eb58d97896e173ef12ac9986
https://conda.anaconda.org/conda-forge/noarch/widgetsnbextension-4.0.13-pyhd8ed1ab_1.conda#237db148cc37a466e4222d589029b53e
https://conda.anaconda.org/conda-forge/noarch/win_inet_pton-1.1.0-pyh7428d3b_8.conda#46e441ba871f524e2b067929da3051c2
https://conda.anaconda.org/conda-forge/win-64/wrapt-1.17.0-py311he736701_0.conda#5adaabe1422ef103e6c6a3f59876d205
https://conda.anaconda.org/conda-forge/noarch/zipp-3.21.0-pyhd8ed1ab_1.conda#0c3cc595284c5e8f0f9900a9b228a332
https://conda.anaconda.org/conda-forge/noarch/anyio-4.7.0-pyhd8ed1ab_0.conda#c88107912954a983c2caf25f7fd55158
https://conda.anaconda.org/conda-forge/win-64/aws-c-s3-0.7.5-ha01c143_4.conda#f18c89e1c869964c391883fc623e15bb
https://conda.anaconda.org/conda-forge/noarch/beautifulsoup4-4.12.3-pyha770c72_1.conda#d48f7e9fdec44baf6d1da416fe402b04
https://conda.anaconda.org/conda-forge/noarch/bleach-6.2.0-pyhd8ed1ab_1.conda#707af59db75b066217403a8f00c1d826
https://conda.anaconda.org/conda-forge/noarch/cached-property-1.5.2-hd8ed1ab_1.tar.bz2#9b347a7ec10940d3f7941ff6c460b551
https://conda.anaconda.org/conda-forge/win-64/cffi-1.17.1-py311he736701_0.conda#e1c69be23bd05471a6c623e91680ad59
https://conda.anaconda.org/conda-forge/noarch/click-8.1.7-win_pyh7428d3b_1.conda#e2afd3b7e37a5363e292a8b33dbef65c
https://conda.anaconda.org/conda-forge/noarch/comm-0.2.2-pyhd8ed1ab_1.conda#74673132601ec2b7fc592755605f4c1b
https://conda.anaconda.org/conda-forge/noarch/h2-4.1.0-pyhd8ed1ab_1.conda#825927dc7b0f287ef8d4d0011bb113b1
https://conda.anaconda.org/conda-forge/noarch/importlib-metadata-8.5.0-pyha770c72_1.conda#315607a3030ad5d5227e76e0733798ff
https://conda.anaconda.org/conda-forge/noarch/importlib_resources-6.4.5-pyhd8ed1ab_1.conda#15798fa69312d433af690c8c42b3fb36
https://conda.anaconda.org/conda-forge/noarch/jedi-0.19.2-pyhd8ed1ab_1.conda#a4f4c5dc9b80bc50e0d3dc4e6e8f1bd9
https://conda.anaconda.org/conda-forge/noarch/jinja2-3.1.4-pyhd8ed1ab_1.conda#08cce3151bde4ecad7885bd9fb647532
https://conda.anaconda.org/conda-forge/noarch/joblib-1.4.2-pyhd8ed1ab_1.conda#bf8243ee348f3a10a14ed0cae323e0c1
https://conda.anaconda.org/conda-forge/win-64/jupyter_core-5.7.2-py311h1ea47a8_0.conda#191bcd5e85d4f305510e46893de9ae08
https://conda.anaconda.org/conda-forge/noarch/jupyterlab_pygments-0.3.0-pyhd8ed1ab_2.conda#fd312693df06da3578383232528c468d
https://conda.anaconda.org/conda-forge/win-64/libblas-3.9.0-25_win64_mkl.conda#499208e81242efb6e5abc7366c91c816
https://conda.anaconda.org/conda-forge/win-64/libgoogle-cloud-storage-2.32.0-he5eb982_0.conda#bddd7316c6a5cf7902e0f7d341a53d71
https://conda.anaconda.org/conda-forge/noarch/matplotlib-inline-0.1.7-pyhd8ed1ab_1.conda#af6ab708897df59bd6e7283ceab1b56b
https://conda.anaconda.org/conda-forge/noarch/overrides-7.7.0-pyhd8ed1ab_0.conda#24fba5a9d161ad8103d4e84c0e1a3ed4
https://conda.anaconda.org/conda-forge/noarch/pip-24.3.1-pyh8b19718_0.conda#5dd546fe99b44fda83963d15f84263b7
https://conda.anaconda.org/conda-forge/noarch/prompt-toolkit-3.0.48-pyha770c72_1.conda#368d4aa48358439e07a97ae237491785
https://conda.anaconda.org/conda-forge/noarch/pysocks-1.7.1-pyh09c184e_7.conda#e2fd202833c4a981ce8a65974fe4abd1
https://conda.anaconda.org/conda-forge/noarch/pytest-8.3.4-pyhd8ed1ab_1.conda#799ed216dc6af62520f32aa39bc1c2bb
https://conda.anaconda.org/conda-forge/noarch/python-dateutil-2.9.0.post0-pyhff2d567_1.conda#5ba79d7c71f03c678c8ead841f347d6e
https://conda.anaconda.org/conda-forge/noarch/referencing-0.35.1-pyhd8ed1ab_1.conda#8c9083612c1bfe6878715ed5732605f8
https://conda.anaconda.org/conda-forge/noarch/rfc3339-validator-0.1.4-pyhd8ed1ab_1.conda#36de09a8d3e5d5e6f4ee63af49e59706
https://conda.anaconda.org/conda-forge/noarch/send2trash-1.8.3-pyh5737063_1.conda#e6a4e906051565caf5fdae5b0415b654
https://conda.anaconda.org/conda-forge/noarch/stack_data-0.6.3-pyhd8ed1ab_1.conda#b1b505328da7a6b246787df4b5a49fbc
https://conda.anaconda.org/conda-forge/noarch/terminado-0.18.1-pyh5737063_0.conda#4abd500577430a942a995fd0d09b76a2
https://conda.anaconda.org/conda-forge/noarch/tinycss2-1.4.0-pyhd8ed1ab_0.conda#f1acf5fdefa8300de697982bcb1761c9
https://conda.anaconda.org/conda-forge/noarch/typing-extensions-4.12.2-hd8ed1ab_1.conda#b6a408c64b78ec7b779a3e5c7a902433
https://conda.anaconda.org/conda-forge/noarch/typing_inspect-0.9.0-pyhd8ed1ab_1.conda#fa31df4d4193aabccaf09ce78a187faf
https://conda.anaconda.org/conda-forge/noarch/annotated-types-0.7.0-pyhd8ed1ab_1.conda#2934f256a8acfe48f6ebb4fce6cde29c
https://conda.anaconda.org/conda-forge/win-64/argon2-cffi-bindings-21.2.0-py311he736701_5.conda#8917bf795c40ec1839ed9d0ab3ad9735
https://conda.anaconda.org/conda-forge/noarch/arrow-1.3.0-pyhd8ed1ab_1.conda#46b53236fdd990271b03c3978d4218a9
https://conda.anaconda.org/conda-forge/win-64/aws-crt-cpp-0.29.7-h5980654_5.conda#73426ce663ad08643356a9427760291c
https://conda.anaconda.org/conda-forge/noarch/fqdn-1.5.1-pyhd8ed1ab_1.conda#d3549fd50d450b6d9e7dddff25dd2110
https://conda.anaconda.org/conda-forge/noarch/ipython-8.21.0-pyh7428d3b_0.conda#632aeffb0cce428d8b91229dbe69dbce
https://conda.anaconda.org/conda-forge/noarch/jsonschema-specifications-2024.10.1-pyhd8ed1ab_1.conda#3b519bc21bc80e60b456f1e62962a766
https://conda.anaconda.org/conda-forge/noarch/jupyter_client-8.6.3-pyhd8ed1ab_1.conda#4ebae00eae9705b0c3d6d1018a81d047
https://conda.anaconda.org/conda-forge/noarch/jupyter_server_terminals-0.5.3-pyhd8ed1ab_1.conda#2d983ff1b82a1ccb6f2e9d8784bdd6bd
https://conda.anaconda.org/conda-forge/win-64/libcblas-3.9.0-25_win64_mkl.conda#3ed189ba03a9888a8013aaee0d67c49d
https://conda.anaconda.org/conda-forge/win-64/liblapack-3.9.0-25_win64_mkl.conda#f716ef84564c574e8e74ae725f5d5f93
https://conda.anaconda.org/conda-forge/win-64/pydantic-core-2.27.1-py311h533ab2d_0.conda#07c9f9f145f2eb2f8ebef853bfe8bf6a
https://conda.anaconda.org/conda-forge/noarch/typeguard-4.4.1-pyhd8ed1ab_1.conda#2de116bbe966ec72715f2423337438dd
https://conda.anaconda.org/conda-forge/win-64/zstandard-0.23.0-py311h53056dc_1.conda#7d4c123cbb5e6293dd4dd2f8d30f0de4
https://conda.anaconda.org/conda-forge/noarch/argon2-cffi-23.1.0-pyhd8ed1ab_1.conda#a7ee488b71c30ada51c48468337b85ba
https://conda.anaconda.org/conda-forge/win-64/aws-sdk-cpp-1.11.458-h3744a7f_3.conda#536e962d5f60d35602c341623a5326a4
https://conda.anaconda.org/conda-forge/noarch/ipykernel-6.26.0-pyha63f2e9_0.conda#10e1de12f78f0fedb82ff723f602b5c5
https://conda.anaconda.org/conda-forge/noarch/ipywidgets-8.1.5-pyhd8ed1ab_1.conda#bb19ad65196475ab6d0bb3532d7f8d96
https://conda.anaconda.org/conda-forge/noarch/isoduration-20.11.0-pyhd8ed1ab_1.conda#0b0154421989637d424ccf0f104be51a
https://conda.anaconda.org/conda-forge/noarch/jsonschema-4.23.0-pyhd8ed1ab_1.conda#a3cead9264b331b32fe8f0aabc967522
https://conda.anaconda.org/conda-forge/win-64/numpy-1.26.4-py311h0b4df5a_0.conda#7b240edd44fd7a0991aa409b07cee776
https://conda.anaconda.org/conda-forge/noarch/pydantic-2.10.3-pyh3cfb1c2_0.conda#194ef7f91286978521350f171b117f01
https://conda.anaconda.org/conda-forge/noarch/urllib3-2.2.3-pyhd8ed1ab_1.conda#4a2d8ef7c37b8808c5b9b750501fffce
https://conda.anaconda.org/conda-forge/noarch/jsonschema-with-format-nongpl-4.23.0-hd8ed1ab_1.conda#a5b1a8065857cc4bd8b7a38d063bb728
https://conda.anaconda.org/conda-forge/win-64/libarrow-18.1.0-h5d48cc5_6_cpu.conda#4b6eb41924761a06b3c7956fb8e780a8
https://conda.anaconda.org/conda-forge/noarch/nbformat-5.10.4-pyhd8ed1ab_1.conda#bbe1963f1e47f594070ffe87cdf612ea
https://conda.anaconda.org/conda-forge/win-64/pandas-2.1.2-py311hf63dbb6_0.conda#b4a17814deb47e22d9b5b091951c93a7
https://conda.anaconda.org/conda-forge/noarch/requests-2.31.0-pyhd8ed1ab_0.conda#a30144e4156cdbb236f99ebb49828f8b
https://conda.anaconda.org/conda-forge/win-64/scipy-1.13.0-py311hd4686c6_1.conda#f01532161760c8e09c4f21a7e9a1e16e
https://conda.anaconda.org/conda-forge/noarch/altair-5.1.2-pyhd8ed1ab_0.conda#94f6558bed7e125d6115f4a6b70966d4
https://conda.anaconda.org/conda-forge/noarch/jupyter_events-0.10.0-pyhd8ed1ab_1.conda#62186e6383f38cc6a3466f0fadde3f2e
https://conda.anaconda.org/conda-forge/win-64/libarrow-acero-18.1.0-h7d8d6a5_6_cpu.conda#e58f6a4004683a77e51507ec947a04a7
https://conda.anaconda.org/conda-forge/win-64/libparquet-18.1.0-ha850022_6_cpu.conda#da1468876d71667a830e9cc42544fb42
https://conda.anaconda.org/conda-forge/noarch/nbclient-0.10.1-pyhd8ed1ab_0.conda#3ee79082e59a28e1db11e2a9c3bcd85a
https://conda.anaconda.org/conda-forge/noarch/pandera-base-0.20.4-pyhd8ed1ab_0.conda#c2a59e20377cedcfa4a4dfa98fa7f36e
https://conda.anaconda.org/conda-forge/win-64/pyarrow-core-18.1.0-py311hdea38fa_0_cpu.conda#3603acae16694ed5cd689e6980eb0703
https://conda.anaconda.org/conda-forge/win-64/scikit-learn-1.3.2-py311h142b183_2.conda#788c05d6a941420c896eb1312d7f7158
https://conda.anaconda.org/conda-forge/win-64/libarrow-dataset-18.1.0-h7d8d6a5_6_cpu.conda#c6c3566dc62f3262340fbd117a3cdf60
https://conda.anaconda.org/conda-forge/noarch/nbconvert-core-7.16.4-pyhff2d567_2.conda#0457fdf55c88e52e0e7b63691eafcc48
https://conda.anaconda.org/conda-forge/noarch/pandera-0.20.4-hd8ed1ab_0.conda#1f5a3edcac6b4ebded70e2bd9871a6a8
https://conda.anaconda.org/conda-forge/noarch/jupyter_server-2.14.2-pyhd8ed1ab_1.conda#81ea84b3212287f926e35b9036192963
https://conda.anaconda.org/conda-forge/win-64/libarrow-substrait-18.1.0-h7c2144a_6_cpu.conda#9b053082a8a64c9bd35bd1530b236bc7
https://conda.anaconda.org/conda-forge/noarch/nbconvert-pandoc-7.16.4-hd8ed1ab_2.conda#28701f71ce0b88b86783df822dd9d7b9
https://conda.anaconda.org/conda-forge/noarch/nbconvert-7.16.4-hd8ed1ab_2.conda#9337002f0dd2fcb8e1064f8023c8e0c0
https://conda.anaconda.org/conda-forge/noarch/notebook-shim-0.2.4-pyhd8ed1ab_1.conda#e7f89ea5f7ea9401642758ff50a2d9c1
https://conda.anaconda.org/conda-forge/win-64/pyarrow-18.1.0-py311h1ea47a8_0.conda#3577ae265ed894dc105829e4e0a4f40c
https://conda.anaconda.org/conda-forge/noarch/nbclassic-1.1.0-pyhd8ed1ab_1.conda#7a4d3e43cf7f83774d9a50051a6a7f62
https://conda.anaconda.org/conda-forge/noarch/vegafusion-1.4.3-pyhd8ed1ab_0.conda#9cb656d81e1fb1831e667b1b2795b079
https://conda.anaconda.org/conda-forge/noarch/notebook-6.5.4-pyha770c72_0.conda#ec4ce3ce0a55ce21b6f5b86049b97af9
https://conda.anaconda.org/conda-forge/noarch/vegafusion-jupyter-1.4.3-pyhd8ed1ab_0.conda#d2619e748b3fa6da3d8ff654ffe4d661
https://conda.anaconda.org/conda-forge/noarch/jupyter_contrib_core-0.4.0-pyhd8ed1ab_0.tar.bz2#411e592d362f923fac66550b9c3ce25e
https://conda.anaconda.org/conda-forge/noarch/jupyter_highlight_selected_word-0.2.0-pyhd8ed1ab_1006.conda#61fc0eb3b6533815398f4025c336b2de
https://conda.anaconda.org/conda-forge/noarch/jupyter_latex_envs-1.4.6-pyhd8ed1ab_1002.tar.bz2#4b888fd7d6b4cdb6736878b2cf8ea951
https://conda.anaconda.org/conda-forge/noarch/jupyter_nbextensions_configurator-0.6.1-pyhd8ed1ab_0.conda#7fc02dc73038b4c3cb0cf2f4a5e94f0f
https://conda.anaconda.org/conda-forge/noarch/jupyter_contrib_nbextensions-0.7.0-pyhd8ed1ab_0.conda#e172ca934d0aa08617c87c5954574bbf
# pip cycler @ https://files.pythonhosted.org/packages/e7/05/c19819d5e3d95294a6f5947fb9b9629efb316b96de511b418c53d245aae6/cycler-0.12.1-py3-none-any.whl#sha256=85cef7cff222d8644161529808465972e51340599459b8ac3ccbac5a854e0d30
# pip fonttools @ https://files.pythonhosted.org/packages/be/36/d74ae1020bc41a1dff3e6f5a99f646563beecb97e386d27abdac3ba07650/fonttools-4.55.3-cp311-cp311-win_amd64.whl#sha256=6314bf82c54c53c71805318fcf6786d986461622dd926d92a465199ff54b1b72
# pip jsonpickle @ https://files.pythonhosted.org/packages/a1/64/815460f86d94c9e1431800a75061719824c6fef14d88a6117eba3126cd5b/jsonpickle-4.0.0-py3-none-any.whl#sha256=53730b9e094bc41f540bfdd25eaf6e6cf43811590e9e1477abcec44b866ddcd9
# pip jupyterlab-widgets @ https://files.pythonhosted.org/packages/1f/73/4f281e0f86bf532baec742da40ededf8b22dc224523e38c638fb6ad91255/jupyterlab_widgets-1.1.11-py3-none-any.whl#sha256=840e538021d87e020a8e7b786597f088431f4ebd8308655555e126c3950a1b27
# pip kiwisolver @ https://files.pythonhosted.org/packages/a1/65/d43e9a20aabcf2e798ad1aff6c143ae3a42cf506754bcb6a7ed8259c8425/kiwisolver-1.4.7-cp311-cp311-win_amd64.whl#sha256=929e294c1ac1e9f615c62a4e4313ca1823ba37326c164ec720a803287c4c499b
# pip pillow @ https://files.pythonhosted.org/packages/dc/83/1470c220a4ff06cd75fc609068f6605e567ea51df70557555c2ab6516b2c/pillow-11.0.0-cp311-cp311-win_amd64.whl#sha256=52a2d8323a465f84faaba5236567d212c3668f2ab53e1c74c15583cf507a0291
# pip pyparsing @ https://files.pythonhosted.org/packages/be/ec/2eb3cd785efd67806c46c13a17339708ddc346cbb684eade7a6e6f79536a/pyparsing-3.2.0-py3-none-any.whl#sha256=93d9577b88da0bbea8cc8334ee8b918ed014968fd2ec383e868fb8afb1ccef84
# pip tenacity @ https://files.pythonhosted.org/packages/b6/cb/b86984bed139586d01532a587464b5805f12e397594f19f931c4c2fbfa61/tenacity-9.0.0-py3-none-any.whl#sha256=93de0c98785b27fcf659856aa9f54bfbd399e29969b0621bc7f762bd441b4539
# pip contourpy @ https://files.pythonhosted.org/packages/a8/7e/cd93cab453720a5d6cb75588cc17dcdc08fc3484b9de98b885924ff61900/contourpy-1.3.1-cp311-cp311-win_amd64.whl#sha256=b2bdca22a27e35f16794cf585832e542123296b4687f9fd96822db6bae17bfc9
# pip nbconvert @ https://files.pythonhosted.org/packages/b8/bb/bb5b6a515d1584aa2fd89965b11db6632e4bdc69495a52374bcc36e56cfa/nbconvert-7.16.4-py3-none-any.whl#sha256=05873c620fe520b6322bf8a5ad562692343fe3452abda5765c7a34b7d1aa3eb3
# pip patsy @ https://files.pythonhosted.org/packages/87/2b/b50d3d08ea0fc419c183a84210571eba005328efa62b6b98bc28e9ead32a/patsy-1.0.1-py2.py3-none-any.whl#sha256=751fb38f9e97e62312e921a1954b81e1bb2bcda4f5eeabaf94db251ee791509c
# pip plotly @ https://files.pythonhosted.org/packages/e5/ae/580600f441f6fc05218bd6c9d5794f4aef072a7d9093b291f1c50a9db8bc/plotly-5.24.1-py3-none-any.whl#sha256=f67073a1e637eb0dc3e46324d9d51e2fe76e9727c892dde64ddf1e1b51f29089
# pip python-utils @ https://files.pythonhosted.org/packages/d4/69/31c82567719b34d8f6b41077732589104883771d182a9f4ff3e71430999a/python_utils-3.9.1-py2.py3-none-any.whl#sha256=0273d7363c7ad4b70999b2791d5ba6b55333d6f7a4e4c8b6b39fb82b5fab4613
# pip scipy @ https://files.pythonhosted.org/packages/65/76/903324159e4a3566e518c558aeb21571d642f781d842d8dd0fd9c6b0645a/scipy-1.10.1-cp311-cp311-win_amd64.whl#sha256=43b8e0bcb877faf0abfb613d51026cd5cc78918e9530e375727bf0625c82788f
# pip tqdm @ https://files.pythonhosted.org/packages/d0/30/dc54f88dd4a2b5dc8a0279bdd7270e735851848b762aeb1c1184ed1f6b14/tqdm-4.67.1-py3-none-any.whl#sha256=26445eca388f82e72884e0d580d5464cd801a3ea01e63e5601bdff9ba6a48de2
# pip vega-datasets @ https://files.pythonhosted.org/packages/e6/9f/ca52771fe972e0dcc5167fedb609940e01516066938ff2ee28b273ae4f29/vega_datasets-0.9.0-py3-none-any.whl#sha256=3d7c63917be6ca9b154b565f4779a31fedce57b01b5b9d99d8a34a7608062a1d
# pip widgetsnbextension @ https://files.pythonhosted.org/packages/93/1b/25d570ee8dce0f2ddadb967d6242cf6e10516db7897c7d9a6e3853b56bfc/widgetsnbextension-3.6.10-py2.py3-none-any.whl#sha256=91a283c2bb50b43ae415dfe69fb026ece0c14e0102987fb53127c7a71e82417d
# pip altair-ally @ https://files.pythonhosted.org/packages/ca/b3/df528cb8c8242485b7f5d4d973fea5233b216486b3e1d2d8b14d92772ddf/altair_ally-0.1.1.tar.gz#sha256=f8b7179fda6335322048f71ec29b827b63f658e8a9fb54426927597eeb1f446e
# pip ipywidgets @ https://files.pythonhosted.org/packages/25/22/f48bd3af0ef7c72dce13f9930a4483acbc7c77373834700296495ea0875f/ipywidgets-7.8.5-py2.py3-none-any.whl#sha256=8055fe314edd4c101a5f1ea230620ef5e315b0ca87f940264b4eac1faf9746ef
# pip matplotlib @ https://files.pythonhosted.org/packages/33/97/40a1bed11f7817ba553afd2e7662e7364e3bac7ce4040835391eb558c86e/matplotlib-3.9.3-cp311-cp311-win_amd64.whl#sha256=c96eeeb8c68b662c7747f91a385688d4b449687d29b691eff7068a4602fe6dc4
# pip pynomaly @ https://files.pythonhosted.org/packages/03/00/0af76dc221eb34f0d98af54024955ddc16080057a69d4c19329811aabc03/PyNomaly-0.3.4-py3-none-any.whl#sha256=e653f1e1c9a70c92170829f7440841e3b004528e1a1bfaea5e830e53fca26822
# pip statsmodels @ https://files.pythonhosted.org/packages/4b/e4/f9e96896278308e17dfd4f60a84826c48117674c980234ee38f59ab28a12/statsmodels-0.14.4-cp311-cp311-win_amd64.whl#sha256=a6087ecb0714f7c59eb24c22781491e6f1cfffb660b4740e167625ca4f052056
# pip category-encoders @ https://files.pythonhosted.org/packages/98/47/598b4bf0ccf6f02915e71bdd23fe846a27adc2d3ba734f2ba5215d8e44f5/category_encoders-2.6.4-py2.py3-none-any.whl#sha256=59f4b541ec787dfdfacc12267e1aff91a1ddc0b756991ec2129d50d6495d6e36
# pip deepchecks @ https://files.pythonhosted.org/packages/53/fa/ca53da26738399100096323d05c71e7f0bab30a4e98f113b900562e8982a/deepchecks-0.18.1-py3-none-any.whl#sha256=747bb47181fcc131d67d39607d9a23c38f51019db7bb8365d5d89cb425b2dd0c
